
Microsoft Visual Studio Solution File, Format Version 12.00
# Visual Studio Version 17
VisualStudioVersion = 17.2.32526.322
MinimumVisualStudioVersion = 10.0.40219.1
Project("{FAE04EC0-301F-11D3-BF4B-00C04F79EFBC}") = "BinarySearch", "BinarySearch\BinarySearch.csproj", "{49C0BA3E-D25C-495C-8DA1-351EA603D472}"
EndProject
Global
	GlobalSection(SolutionConfigurationPlatforms) = preSolution
		Debug|Any CPU = Debug|Any CPU
		Release|Any CPU = Release|Any CPU
	EndGlobalSection
	GlobalSection(ProjectConfigurationPlatforms) = postSolution
		{49C0BA3E-D25C-495C-8DA1-351EA603D472}.Debug|Any CPU.ActiveCfg = Debug|Any CPU
		{49C0BA3E-D25C-495C-8DA1-351EA603D472}.Debug|Any CPU.Build.0 = Debug|Any CPU
		{49C0BA3E-D25C-495C-8DA1-351EA603D472}.Release|Any CPU.ActiveCfg = Release|Any CPU
		{49C0BA3E-D25C-495C-8DA1-351EA603D472}.Release|Any CPU.Build.0 = Release|Any CPU
	EndGlobalSection
	GlobalSection(SolutionProperties) = preSolution
		HideSolutionNode = FALSE
	EndGlobalSection
	GlobalSection(ExtensibilityGlobals) = postSolution
		SolutionGuid = {97F183E4-19C7-4D9C-98CC-951EFD986EC4}
	EndGlobalSection
EndGlobal
